
Microsoft Visual Studio Solution File, Format Version 12.00
# Visual Studio Version 17
VisualStudioVersion = 17.9.34728.123
MinimumVisualStudioVersion = 10.0.40219.1
Project("{FAE04EC0-301F-11D3-BF4B-00C04F79EFBC}") = "AUTHEN_PROJECT", "AUTHEN_PROJECT\AUTHEN_PROJECT.csproj", "{A43310A1-FB08-409D-BDC2-6DE184735A98}"
EndProject
Project("{FAE04EC0-301F-11D3-BF4B-00C04F79EFBC}") = "Data", "Data\Data.csproj", "{468FE44C-EAE8-4412-A4B9-267BE56859B7}"
EndProject
Project("{FAE04EC0-301F-11D3-BF4B-00C04F79EFBC}") = "API", "API\API.csproj", "{B8266223-CA30-46AB-990C-41006BA5C477}"
EndProject
Global
	GlobalSection(SolutionConfigurationPlatforms) = preSolution
		Debug|Any CPU = Debug|Any CPU
		Release|Any CPU = Release|Any CPU
	EndGlobalSection
	GlobalSection(ProjectConfigurationPlatforms) = postSolution
		{A43310A1-FB08-409D-BDC2-6DE184735A98}.Debug|Any CPU.ActiveCfg = Debug|Any CPU
		{A43310A1-FB08-409D-BDC2-6DE184735A98}.Debug|Any CPU.Build.0 = Debug|Any CPU
		{A43310A1-FB08-409D-BDC2-6DE184735A98}.Release|Any CPU.ActiveCfg = Release|Any CPU
		{A43310A1-FB08-409D-BDC2-6DE184735A98}.Release|Any CPU.Build.0 = Release|Any CPU
		{468FE44C-EAE8-4412-A4B9-267BE56859B7}.Debug|Any CPU.ActiveCfg = Debug|Any CPU
		{468FE44C-EAE8-4412-A4B9-267BE56859B7}.Debug|Any CPU.Build.0 = Debug|Any CPU
		{468FE44C-EAE8-4412-A4B9-267BE56859B7}.Release|Any CPU.ActiveCfg = Release|Any CPU
		{468FE44C-EAE8-4412-A4B9-267BE56859B7}.Release|Any CPU.Build.0 = Release|Any CPU
		{B8266223-CA30-46AB-990C-41006BA5C477}.Debug|Any CPU.ActiveCfg = Debug|Any CPU
		{B8266223-CA30-46AB-990C-41006BA5C477}.Debug|Any CPU.Build.0 = Debug|Any CPU
		{B8266223-CA30-46AB-990C-41006BA5C477}.Release|Any CPU.ActiveCfg = Release|Any CPU
		{B8266223-CA30-46AB-990C-41006BA5C477}.Release|Any CPU.Build.0 = Release|Any CPU
	EndGlobalSection
	GlobalSection(SolutionProperties) = preSolution
		HideSolutionNode = FALSE
	EndGlobalSection
	GlobalSection(ExtensibilityGlobals) = postSolution
		SolutionGuid = {CF83CB3B-20E2-4A72-9A31-0C6884F16175}
	EndGlobalSection
EndGlobal
